
Microsoft Visual Studio Solution File, Format Version 12.00
# Visual Studio Version 17
VisualStudioVersion = 17.4.33213.308
MinimumVisualStudioVersion = 10.0.40219.1
Project("{FAE04EC0-301F-11D3-BF4B-00C04F79EFBC}") = "for", "for\for.csproj", "{7589C268-1B1A-4813-B1B3-78612C6D41E1}"
EndProject
Global
	GlobalSection(SolutionConfigurationPlatforms) = preSolution
		Debug|Any CPU = Debug|Any CPU
		Release|Any CPU = Release|Any CPU
	EndGlobalSection
	GlobalSection(ProjectConfigurationPlatforms) = postSolution
		{7589C268-1B1A-4813-B1B3-78612C6D41E1}.Debug|Any CPU.ActiveCfg = Debug|Any CPU
		{7589C268-1B1A-4813-B1B3-78612C6D41E1}.Debug|Any CPU.Build.0 = Debug|Any CPU
		{7589C268-1B1A-4813-B1B3-78612C6D41E1}.Release|Any CPU.ActiveCfg = Release|Any CPU
		{7589C268-1B1A-4813-B1B3-78612C6D41E1}.Release|Any CPU.Build.0 = Release|Any CPU
	EndGlobalSection
	GlobalSection(SolutionProperties) = preSolution
		HideSolutionNode = FALSE
	EndGlobalSection
	GlobalSection(ExtensibilityGlobals) = postSolution
		SolutionGuid = {E8159DD2-66CB-475D-8559-BBBC03736379}
	EndGlobalSection
EndGlobal
